
Microsoft Visual Studio Solution File, Format Version 12.00
# Visual Studio Version 16
VisualStudioVersion = 16.0.31410.357
MinimumVisualStudioVersion = 10.0.40219.1
Project("{FAE04EC0-301F-11D3-BF4B-00C04F79EFBC}") = "EventsITStepAcademy", "EventsITStepAcademy.csproj", "{C261B67C-7FAD-4AED-95AE-FD91FBFA0E62}"
EndProject
Global
	GlobalSection(SolutionConfigurationPlatforms) = preSolution
		Debug|Any CPU = Debug|Any CPU
		Release|Any CPU = Release|Any CPU
	EndGlobalSection
	GlobalSection(ProjectConfigurationPlatforms) = postSolution
		{C261B67C-7FAD-4AED-95AE-FD91FBFA0E62}.Debug|Any CPU.ActiveCfg = Debug|Any CPU
		{C261B67C-7FAD-4AED-95AE-FD91FBFA0E62}.Debug|Any CPU.Build.0 = Debug|Any CPU
		{C261B67C-7FAD-4AED-95AE-FD91FBFA0E62}.Release|Any CPU.ActiveCfg = Release|Any CPU
		{C261B67C-7FAD-4AED-95AE-FD91FBFA0E62}.Release|Any CPU.Build.0 = Release|Any CPU
	EndGlobalSection
	GlobalSection(SolutionProperties) = preSolution
		HideSolutionNode = FALSE
	EndGlobalSection
	GlobalSection(ExtensibilityGlobals) = postSolution
		SolutionGuid = {96E3C793-E3AD-4DBB-8C7C-B6C238B0D6F1}
	EndGlobalSection
EndGlobal
